
Microsoft Visual Studio Solution File, Format Version 12.00
# Visual Studio Version 17
VisualStudioVersion = 17.14.36401.2 d17.14
MinimumVisualStudioVersion = 10.0.40219.1
Project("{FAE04EC0-301F-11D3-BF4B-00C04F79EFBC}") = "StatusWS", "StatusWS\StatusWS.csproj", "{9464D327-1B4F-4F78-84A2-DDCF69999AF3}"
EndProject
Global
	GlobalSection(SolutionConfigurationPlatforms) = preSolution
		Debug|Any CPU = Debug|Any CPU
		Release|Any CPU = Release|Any CPU
	EndGlobalSection
	GlobalSection(ProjectConfigurationPlatforms) = postSolution
		{9464D327-1B4F-4F78-84A2-DDCF69999AF3}.Debug|Any CPU.ActiveCfg = Debug|Any CPU
		{9464D327-1B4F-4F78-84A2-DDCF69999AF3}.Debug|Any CPU.Build.0 = Debug|Any CPU
		{9464D327-1B4F-4F78-84A2-DDCF69999AF3}.Release|Any CPU.ActiveCfg = Release|Any CPU
		{9464D327-1B4F-4F78-84A2-DDCF69999AF3}.Release|Any CPU.Build.0 = Release|Any CPU
	EndGlobalSection
	GlobalSection(SolutionProperties) = preSolution
		HideSolutionNode = FALSE
	EndGlobalSection
	GlobalSection(ExtensibilityGlobals) = postSolution
		SolutionGuid = {42F5B20B-A657-4253-ACF2-69544E4E4643}
	EndGlobalSection
EndGlobal
